// !$*UTF8*$!
{
	archiveVersion = 1;
	classes = {
	};
	objectVersion = 50;
	objects = {

/* Begin PBXBuildFile section */
		5F6DEA142076235D0032EEAB /* TKWorldTrackingViewController.swift in Sources */ = {isa = PBXBuildFile; fileRef = 5F6DEA132076235D0032EEAB /* TKWorldTrackingViewController.swift */; };
		5F6DEA16207623790032EEAB /* TKFaceTrackingViewController.swift in Sources */ = {isa = PBXBuildFile; fileRef = 5F6DEA15207623790032EEAB /* TKFaceTrackingViewController.swift */; };
		5F6DEA18207623900032EEAB /* TKImageRecognizeViewController.swift in Sources */ = {isa = PBXBuildFile; fileRef = 5F6DEA17207623900032EEAB /* TKImageRecognizeViewController.swift */; };
		5F7B2E642073D1B7000970B2 /* AppDelegate.swift in Sources */ = {isa = PBXBuildFile; fileRef = 5F7B2E632073D1B7000970B2 /* AppDelegate.swift */; };
		5F7B2E662073D1B7000970B2 /* art.scnassets in Resources */ = {isa = PBXBuildFile; fileRef = 5F7B2E652073D1B7000970B2 /* art.scnassets */; };
		5F7B2E682073D1B7000970B2 /* ViewController.swift in Sources */ = {isa = PBXBuildFile; fileRef = 5F7B2E672073D1B7000970B2 /* ViewController.swift */; };
		5F7B2E6B2073D1B7000970B2 /* Main.storyboard in Resources */ = {isa = PBXBuildFile; fileRef = 5F7B2E692073D1B7000970B2 /* Main.storyboard */; };
		5F7B2E6D2073D1B8000970B2 /* Assets.xcassets in Resources */ = {isa = PBXBuildFile; fileRef = 5F7B2E6C2073D1B8000970B2 /* Assets.xcassets */; };
		5F7B2E702073D1B8000970B2 /* LaunchScreen.storyboard in Resources */ = {isa = PBXBuildFile; fileRef = 5F7B2E6E2073D1B8000970B2 /* LaunchScreen.storyboard */; };
/* End PBXBuildFile section */

/* Begin PBXFileReference section */
		5F6DEA132076235D0032EEAB /* TKWorldTrackingViewController.swift */ = {isa = PBXFileReference; lastKnownFileType = sourcecode.swift; path = TKWorldTrackingViewController.swift; sourceTree = "<group>"; };
		5F6DEA15207623790032EEAB /* TKFaceTrackingViewController.swift */ = {isa = PBXFileReference; lastKnownFileType = sourcecode.swift; path = TKFaceTrackingViewController.swift; sourceTree = "<group>"; };
		5F6DEA17207623900032EEAB /* TKImageRecognizeViewController.swift */ = {isa = PBXFileReference; lastKnownFileType = sourcecode.swift; path = TKImageRecognizeViewController.swift; sourceTree = "<group>"; };
		5F7B2E602073D1B7000970B2 /* HelloWorld.app */ = {isa = PBXFileReference; explicitFileType = wrapper.application; includeInIndex = 0; path = HelloWorld.app; sourceTree = BUILT_PRODUCTS_DIR; };
		5F7B2E632073D1B7000970B2 /* AppDelegate.swift */ = {isa = PBXFileReference; lastKnownFileType = sourcecode.swift; path = AppDelegate.swift; sourceTree = "<group>"; };
		5F7B2E652073D1B7000970B2 /* art.scnassets */ = {isa = PBXFileReference; lastKnownFileType = wrapper.scnassets; path = art.scnassets; sourceTree = "<group>"; };
		5F7B2E672073D1B7000970B2 /* ViewController.swift */ = {isa = PBXFileReference; lastKnownFileType = sourcecode.swift; path = ViewController.swift; sourceTree = "<group>"; };
		5F7B2E6A2073D1B7000970B2 /* Base */ = {isa = PBXFileReference; lastKnownFileType = file.storyboard; name = Base; path = Base.lproj/Main.storyboard; sourceTree = "<group>"; };
		5F7B2E6C2073D1B8000970B2 /* Assets.xcassets */ = {isa = PBXFileReference; lastKnownFileType = folder.assetcatalog; path = Assets.xcassets; sourceTree = "<group>"; };
		5F7B2E6F2073D1B8000970B2 /* Base */ = {isa = PBXFileReference; lastKnownFileType = file.storyboard; name = Base; path = Base.lproj/LaunchScreen.storyboard; sourceTree = "<group>"; };
		5F7B2E712073D1B8000970B2 /* Info.plist */ = {isa = PBXFileReference; lastKnownFileType = text.plist.xml; path = Info.plist; sourceTree = "<group>"; };
/* End PBXFileReference section */

/* Begin PBXFrameworksBuildPhase section */
		5F7B2E5D2073D1B7000970B2 /* Frameworks */ = {
			isa = PBXFrameworksBuildPhase;
			buildActionMask = 2147483647;
			files = (
			);
			runOnlyForDeploymentPostprocessing = 0;
		};
/* End PBXFrameworksBuildPhase section */

/* Begin PBXGroup section */
		5F7B2E572073D1B7000970B2 = {
			isa = PBXGroup;
			children = (
				5F7B2E622073D1B7000970B2 /* HelloWorld */,
				5F7B2E612073D1B7000970B2 /* Products */,
			);
			sourceTree = "<group>";
		};
		5F7B2E612073D1B7000970B2 /* Products */ = {
			isa = PBXGroup;
			children = (
				5F7B2E602073D1B7000970B2 /* HelloWorld.app */,
			);
			name = Products;
			sourceTree = "<group>";
		};
		5F7B2E622073D1B7000970B2 /* HelloWorld */ = {
			isa = PBXGroup;
			children = (
				5F7B2E632073D1B7000970B2 /* AppDelegate.swift */,
				5F7B2E652073D1B7000970B2 /* art.scnassets */,
				5F7B2E672073D1B7000970B2 /* ViewController.swift */,
				5F7B2E692073D1B7000970B2 /* Main.storyboard */,
				5F6DEA132076235D0032EEAB /* TKWorldTrackingViewController.swift */,
				5F6DEA15207623790032EEAB /* TKFaceTrackingViewController.swift */,
				5F6DEA17207623900032EEAB /* TKImageRecognizeViewController.swift */,
				5F7B2E6C2073D1B8000970B2 /* Assets.xcassets */,
				5F7B2E6E2073D1B8000970B2 /* LaunchScreen.storyboard */,
				5F7B2E712073D1B8000970B2 /* Info.plist */,
			);
			path = HelloWorld;
			sourceTree = "<group>";
		};
/* End PBXGroup section */

/* Begin PBXNativeTarget section */
		5F7B2E5F2073D1B7000970B2 /* HelloWorld */ = {
			isa = PBXNativeTarget;
			buildConfigurationList = 5F7B2E742073D1B8000970B2 /* Build configuration list for PBXNativeTarget "HelloWorld" */;
			buildPhases = (
				5F7B2E5C2073D1B7000970B2 /* Sources */,
				5F7B2E5D2073D1B7000970B2 /* Frameworks */,
				5F7B2E5E2073D1B7000970B2 /* Resources */,
			);
			buildRules = (
			);
			dependencies = (
			);
			name = HelloWorld;
			productName = HelloWorld;
			productReference = 5F7B2E602073D1B7000970B2 /* HelloWorld.app */;
			productType = "com.apple.product-type.application";
		};
/* End PBXNativeTarget section */

/* Begin PBXProject section */
		5F7B2E582073D1B7000970B2 /* Project object */ = {
			isa = PBXProject;
			attributes = {
				LastSwiftUpdateCheck = 0930;
				LastUpgradeCheck = 0930;
				ORGANIZATIONNAME = webank;
				TargetAttributes = {
					5F7B2E5F2073D1B7000970B2 = {
						CreatedOnToolsVersion = 9.3;
					};
				};
			};
			buildConfigurationList = 5F7B2E5B2073D1B7000970B2 /* Build configuration list for PBXProject "HelloWorld" */;
			compatibilityVersion = "Xcode 9.3";
			developmentRegion = en;
			hasScannedForEncodings = 0;
			knownRegions = (
				en,
				Base,
			);
			mainGroup = 5F7B2E572073D1B7000970B2;
			productRefGroup = 5F7B2E612073D1B7000970B2 /* Products */;
			projectDirPath = "";
			projectRoot = "";
			targets = (
				5F7B2E5F2073D1B7000970B2 /* HelloWorld */,
			);
		};
/* End PBXProject section */

/* Begin PBXResourcesBuildPhase section */
		5F7B2E5E2073D1B7000970B2 /* Resources */ = {
			isa = PBXResourcesBuildPhase;
			buildActionMask = 2147483647;
			files = (
				5F7B2E662073D1B7000970B2 /* art.scnassets in Resources */,
				5F7B2E702073D1B8000970B2 /* LaunchScreen.storyboard in Resources */,
				5F7B2E6D2073D1B8000970B2 /* Assets.xcassets in Resources */,
				5F7B2E6B2073D1B7000970B2 /* Main.storyboard in Resources */,
			);
			runOnlyForDeploymentPostprocessing = 0;
		};
/* End PBXResourcesBuildPhase section */

/* Begin PBXSourcesBuildPhase section */
		5F7B2E5C2073D1B7000970B2 /* Sources */ = {
			isa = PBXSourcesBuildPhase;
			buildActionMask = 2147483647;
			files = (
				5F6DEA142076235D0032EEAB /* TKWorldTrackingViewController.swift in Sources */,
				5F6DEA16207623790032EEAB /* TKFaceTrackingViewController.swift in Sources */,
				5F6DEA18207623900032EEAB /* TKImageRecognizeViewController.swift in Sources */,
				5F7B2E682073D1B7000970B2 /* ViewController.swift in Sources */,
				5F7B2E642073D1B7000970B2 /* AppDelegate.swift in Sources */,
			);
			runOnlyForDeploymentPostprocessing = 0;
		};
/* End PBXSourcesBuildPhase section */

/* Begin PBXVariantGroup section */
		5F7B2E692073D1B7000970B2 /* Main.storyboard */ = {
			isa = PBXVariantGroup;
			children = (
				5F7B2E6A2073D1B7000970B2 /* Base */,
			);
			name = Main.storyboard;
			sourceTree = "<group>";
		};
		5F7B2E6E2073D1B8000970B2 /* LaunchScreen.storyboard */ = {
			isa = PBXVariantGroup;
			children = (
				5F7B2E6F2073D1B8000970B2 /* Base */,
			);
			name = LaunchScreen.storyboard;
			sourceTree = "<group>";
		};
/* End PBXVariantGroup section */

/* Begin XCBuildConfiguration section */
		5F7B2E722073D1B8000970B2 /* Debug */ = {
			isa = XCBuildConfiguration;
			buildSettings = {
				ALWAYS_SEARCH_USER_PATHS = NO;
				CLANG_ANALYZER_NONNULL = YES;
				CLANG_ANALYZER_NUMBER_OBJECT_CONVERSION = YES_AGGRESSIVE;
				CLANG_CXX_LANGUAGE_STANDARD = "gnu++14";
				CLANG_CXX_LIBRARY = "libc++";
				CLANG_ENABLE_MODULES = YES;
				CLANG_ENABLE_OBJC_ARC = YES;
				CLANG_ENABLE_OBJC_WEAK = YES;
				CLANG_WARN_BLOCK_CAPTURE_AUTORELEASING = YES;
				CLANG_WARN_BOOL_CONVERSION = YES;
				CLANG_WARN_COMMA = YES;
				CLANG_WARN_CONSTANT_CONVERSION = YES;
				CLANG_WARN_DEPRECATED_OBJC_IMPLEMENTATIONS = YES;
				CLANG_WARN_DIRECT_OBJC_ISA_USAGE = YES_ERROR;
				CLANG_WARN_DOCUMENTATION_COMMENTS = YES;
				CLANG_WARN_EMPTY_BODY = YES;
				CLANG_WARN_ENUM_CONVERSION = YES;
				CLANG_WARN_INFINITE_RECURSION = YES;
				CLANG_WARN_INT_CONVERSION = YES;
				CLANG_WARN_NON_LITERAL_NULL_CONVERSION = YES;
				CLANG_WARN_OBJC_IMPLICIT_RETAIN_SELF = YES;
				CLANG_WARN_OBJC_LITERAL_CONVERSION = YES;
				CLANG_WARN_OBJC_ROOT_CLASS = YES_ERROR;
				CLANG_WARN_RANGE_LOOP_ANALYSIS = YES;
				CLANG_WARN_STRICT_PROTOTYPES = YES;
				CLANG_WARN_SUSPICIOUS_MOVE = YES;
				CLANG_WARN_UNGUARDED_AVAILABILITY = YES_AGGRESSIVE;
				CLANG_WARN_UNREACHABLE_CODE = YES;
				CLANG_WARN__DUPLICATE_METHOD_MATCH = YES;
				CODE_SIGN_IDENTITY = "iPhone Developer";
				COPY_PHASE_STRIP = NO;
				DEBUG_INFORMATION_FORMAT = dwarf;
				ENABLE_STRICT_OBJC_MSGSEND = YES;
				ENABLE_TESTABILITY = YES;
				GCC_C_LANGUAGE_STANDARD = gnu11;
				GCC_DYNAMIC_NO_PIC = NO;
				GCC_NO_COMMON_BLOCKS = YES;
				GCC_OPTIMIZATION_LEVEL = 0;
				GCC_PREPROCESSOR_DEFINITIONS = (
					"DEBUG=1",
					"$(inherited)",
				);
				GCC_WARN_64_TO_32_BIT_CONVERSION = YES;
				GCC_WARN_ABOUT_RETURN_TYPE = YES_ERROR;
				GCC_WARN_UNDECLARED_SELECTOR = YES;
				GCC_WARN_UNINITIALIZED_AUTOS = YES_AGGRESSIVE;
				GCC_WARN_UNUSED_FUNCTION = YES;
				GCC_WARN_UNUSED_VARIABLE = YES;
				IPHONEOS_DEPLOYMENT_TARGET = 11.3;
				MTL_ENABLE_DEBUG_INFO = YES;
				ONLY_ACTIVE_ARCH = YES;
				SDKROOT = iphoneos;
				SWIFT_ACTIVE_COMPILATION_CONDITIONS = DEBUG;
				SWIFT_OPTIMIZATION_LEVEL = "-Onone";
			};
			name = Debug;
		};
		5F7B2E732073D1B8000970B2 /* Release */ = {
			isa = XCBuildConfiguration;
			buildSettings = {
				ALWAYS_SEARCH_USER_PATHS = NO;
				CLANG_ANALYZER_NONNULL = YES;
				CLANG_ANALYZER_NUMBER_OBJECT_CONVERSION = YES_AGGRESSIVE;
				CLANG_CXX_LANGUAGE_STANDARD = "gnu++14";
				CLANG_CXX_LIBRARY = "libc++";
				CLANG_ENABLE_MODULES = YES;
				CLANG_ENABLE_OBJC_ARC = YES;
				CLANG_ENABLE_OBJC_WEAK = YES;
				CLANG_WARN_BLOCK_CAPTURE_AUTORELEASING = YES;
				CLANG_WARN_BOOL_CONVERSION = YES;
				CLANG_WARN_COMMA = YES;
				CLANG_WARN_CONSTANT_CONVERSION = YES;
				CLANG_WARN_DEPRECATED_OBJC_IMPLEMENTATIONS = YES;
				CLANG_WARN_DIRECT_OBJC_ISA_USAGE = YES_ERROR;
				CLANG_WARN_DOCUMENTATION_COMMENTS = YES;
				CLANG_WARN_EMPTY_BODY = YES;
				CLANG_WARN_ENUM_CONVERSION = YES;
				CLANG_WARN_INFINITE_RECURSION = YES;
				CLANG_WARN_INT_CONVERSION = YES;
				CLANG_WARN_NON_LITERAL_NULL_CONVERSION = YES;
				CLANG_WARN_OBJC_IMPLICIT_RETAIN_SELF = YES;
				CLANG_WARN_OBJC_LITERAL_CONVERSION = YES;
				CLANG_WARN_OBJC_ROOT_CLASS = YES_ERROR;
				CLANG_WARN_RANGE_LOOP_ANALYSIS = YES;
				CLANG_WARN_STRICT_PROTOTYPES = YES;
				CLANG_WARN_SUSPICIOUS_MOVE = YES;
				CLANG_WARN_UNGUARDED_AVAILABILITY = YES_AGGRESSIVE;
				CLANG_WARN_UNREACHABLE_CODE = YES;
				CLANG_WARN__DUPLICATE_METHOD_MATCH = YES;
				CODE_SIGN_IDENTITY = "iPhone Developer";
				COPY_PHASE_STRIP = NO;
				DEBUG_INFORMATION_FORMAT = "dwarf-with-dsym";
				ENABLE_NS_ASSERTIONS = NO;
				ENABLE_STRICT_OBJC_MSGSEND = YES;
				GCC_C_LANGUAGE_STANDARD = gnu11;
				GCC_NO_COMMON_BLOCKS = YES;
				GCC_WARN_64_TO_32_BIT_CONVERSION = YES;
				GCC_WARN_ABOUT_RETURN_TYPE = YES_ERROR;
				GCC_WARN_UNDECLARED_SELECTOR = YES;
				GCC_WARN_UNINITIALIZED_AUTOS = YES_AGGRESSIVE;
				GCC_WARN_UNUSED_FUNCTION = YES;
				GCC_WARN_UNUSED_VARIABLE = YES;
				IPHONEOS_DEPLOYMENT_TARGET = 11.3;
				MTL_ENABLE_DEBUG_INFO = NO;
				SDKROOT = iphoneos;
				SWIFT_COMPILATION_MODE = wholemodule;
				SWIFT_OPTIMIZATION_LEVEL = "-O";
				VALIDATE_PRODUCT = YES;
			};
			name = Release;
		};
		5F7B2E752073D1B8000970B2 /* Debug */ = {
			isa = XCBuildConfiguration;
			buildSettings = {
				ASSETCATALOG_COMPILER_APPICON_NAME = AppIcon;
				CODE_SIGN_STYLE = Manual;
				DEVELOPMENT_TEAM = 28PAA3S5M5;
				INFOPLIST_FILE = HelloWorld/Info.plist;
				LD_RUNPATH_SEARCH_PATHS = (
					"$(inherited)",
					"@executable_path/Frameworks",
				);
				PRODUCT_BUNDLE_IDENTIFIER = com.webank.HelloWorld;
				PRODUCT_NAME = "$(TARGET_NAME)";
				PROVISIONING_PROFILE = "7ddd1588-87d5-4577-9245-8c354b6e7173";
				PROVISIONING_PROFILE_SPECIFIER = inhouse_dev;
				SWIFT_VERSION = 4.0;
				TARGETED_DEVICE_FAMILY = "1,2";
			};
			name = Debug;
		};
		5F7B2E762073D1B8000970B2 /* Release */ = {
			isa = XCBuildConfiguration;
			buildSettings = {
				ASSETCATALOG_COMPILER_APPICON_NAME = AppIcon;
				CODE_SIGN_STYLE = Manual;
				DEVELOPMENT_TEAM = "";
				INFOPLIST_FILE = HelloWorld/Info.plist;
				LD_RUNPATH_SEARCH_PATHS = (
					"$(inherited)",
					"@executable_path/Frameworks",
				);
				PRODUCT_BUNDLE_IDENTIFIER = com.webank.HelloWorld;
				PRODUCT_NAME = "$(TARGET_NAME)";
				PROVISIONING_PROFILE_SPECIFIER = "";
				SWIFT_VERSION = 4.0;
				TARGETED_DEVICE_FAMILY = "1,2";
			};
			name = Release;
		};
/* End XCBuildConfiguration section */

/* Begin XCConfigurationList section */
		5F7B2E5B2073D1B7000970B2 /* Build configuration list for PBXProject "HelloWorld" */ = {
			isa = XCConfigurationList;
			buildConfigurations = (
				5F7B2E722073D1B8000970B2 /* Debug */,
				5F7B2E732073D1B8000970B2 /* Release */,
			);
			defaultConfigurationIsVisible = 0;
			defaultConfigurationName = Release;
		};
		5F7B2E742073D1B8000970B2 /* Build configuration list for PBXNativeTarget "HelloWorld" */ = {
			isa = XCConfigurationList;
			buildConfigurations = (
				5F7B2E752073D1B8000970B2 /* Debug */,
				5F7B2E762073D1B8000970B2 /* Release */,
			);
			defaultConfigurationIsVisible = 0;
			defaultConfigurationName = Release;
		};
/* End XCConfigurationList section */
	};
	rootObject = 5F7B2E582073D1B7000970B2 /* Project object */;
}
